
Microsoft Visual Studio Solution File, Format Version 12.00
# Visual Studio Version 16
VisualStudioVersion = 25.0.1703.2
MinimumVisualStudioVersion = 10.0.40219.1
Project("{FAE04EC0-301F-11D3-BF4B-00C04F79EFBC}") = "CSV-Tool", "CSV-Tool\CSV-Tool.csproj", "{FF1C1BF4-1C4C-473D-A67B-E428CA0E5F46}"
EndProject
Project("{FAE04EC0-301F-11D3-BF4B-00C04F79EFBC}") = "CSV.persistence", "CSV.persistence\CSV.persistence.csproj", "{8BF9605D-FABA-4059-9DDC-313241858D2B}"
EndProject
Project("{FAE04EC0-301F-11D3-BF4B-00C04F79EFBC}") = "CSV.Core", "CSV.Core\CSV.Core.csproj", "{C9026C04-96F5-4C7A-BF3C-8AE3B53D860D}"
EndProject
Project("{FAE04EC0-301F-11D3-BF4B-00C04F79EFBC}") = "CSV.Applications", "CSV.Applications\CSV.Applications.csproj", "{C1985D20-51CE-4770-B9E8-F7B8E1A31B61}"
EndProject
Global
	GlobalSection(SolutionConfigurationPlatforms) = preSolution
		Debug|Any CPU = Debug|Any CPU
		Release|Any CPU = Release|Any CPU
	EndGlobalSection
	GlobalSection(ProjectConfigurationPlatforms) = postSolution
		{FF1C1BF4-1C4C-473D-A67B-E428CA0E5F46}.Debug|Any CPU.ActiveCfg = Debug|Any CPU
		{FF1C1BF4-1C4C-473D-A67B-E428CA0E5F46}.Debug|Any CPU.Build.0 = Debug|Any CPU
		{FF1C1BF4-1C4C-473D-A67B-E428CA0E5F46}.Release|Any CPU.ActiveCfg = Release|Any CPU
		{FF1C1BF4-1C4C-473D-A67B-E428CA0E5F46}.Release|Any CPU.Build.0 = Release|Any CPU
		{8BF9605D-FABA-4059-9DDC-313241858D2B}.Debug|Any CPU.ActiveCfg = Debug|Any CPU
		{8BF9605D-FABA-4059-9DDC-313241858D2B}.Debug|Any CPU.Build.0 = Debug|Any CPU
		{8BF9605D-FABA-4059-9DDC-313241858D2B}.Release|Any CPU.ActiveCfg = Release|Any CPU
		{8BF9605D-FABA-4059-9DDC-313241858D2B}.Release|Any CPU.Build.0 = Release|Any CPU
		{C9026C04-96F5-4C7A-BF3C-8AE3B53D860D}.Debug|Any CPU.ActiveCfg = Debug|Any CPU
		{C9026C04-96F5-4C7A-BF3C-8AE3B53D860D}.Debug|Any CPU.Build.0 = Debug|Any CPU
		{C9026C04-96F5-4C7A-BF3C-8AE3B53D860D}.Release|Any CPU.ActiveCfg = Release|Any CPU
		{C9026C04-96F5-4C7A-BF3C-8AE3B53D860D}.Release|Any CPU.Build.0 = Release|Any CPU
		{C1985D20-51CE-4770-B9E8-F7B8E1A31B61}.Debug|Any CPU.ActiveCfg = Debug|Any CPU
		{C1985D20-51CE-4770-B9E8-F7B8E1A31B61}.Debug|Any CPU.Build.0 = Debug|Any CPU
		{C1985D20-51CE-4770-B9E8-F7B8E1A31B61}.Release|Any CPU.ActiveCfg = Release|Any CPU
		{C1985D20-51CE-4770-B9E8-F7B8E1A31B61}.Release|Any CPU.Build.0 = Release|Any CPU
	EndGlobalSection
	GlobalSection(SolutionProperties) = preSolution
		HideSolutionNode = FALSE
	EndGlobalSection
	GlobalSection(ExtensibilityGlobals) = postSolution
		SolutionGuid = {4427E90B-7521-48BC-9E16-0CF437467F03}
	EndGlobalSection
EndGlobal
